// !$*UTF8*$!
{
	archiveVersion = 1;
	classes = {
	};
	objectVersion = 56;
	objects = {

/* Begin PBXBuildFile section */
		ACCDA3562ADF2A7500DBD278 /* AppDelegate.swift in Sources */ = {isa = PBXBuildFile; fileRef = ACCDA3552ADF2A7500DBD278 /* AppDelegate.swift */; };
		ACCDA3582ADF2A7500DBD278 /* SceneDelegate.swift in Sources */ = {isa = PBXBuildFile; fileRef = ACCDA3572ADF2A7500DBD278 /* SceneDelegate.swift */; };
		ACCDA35A2ADF2A7500DBD278 /* ViewController.swift in Sources */ = {isa = PBXBuildFile; fileRef = ACCDA3592ADF2A7500DBD278 /* ViewController.swift */; };
		ACCDA35D2ADF2A7500DBD278 /* Main.storyboard in Resources */ = {isa = PBXBuildFile; fileRef = ACCDA35B2ADF2A7500DBD278 /* Main.storyboard */; };
		ACCDA35F2ADF2A7600DBD278 /* Assets.xcassets in Resources */ = {isa = PBXBuildFile; fileRef = ACCDA35E2ADF2A7600DBD278 /* Assets.xcassets */; };
		ACCDA3622ADF2A7600DBD278 /* LaunchScreen.storyboard in Resources */ = {isa = PBXBuildFile; fileRef = ACCDA3602ADF2A7600DBD278 /* LaunchScreen.storyboard */; };
		ACCDA36A2ADF2F8500DBD278 /* Source.swift in Sources */ = {isa = PBXBuildFile; fileRef = ACCDA3692ADF2F8500DBD278 /* Source.swift */; };
/* End PBXBuildFile section */

/* Begin PBXFileReference section */
		ACCDA3522ADF2A7500DBD278 /* CollectionViewBootcamp.app */ = {isa = PBXFileReference; explicitFileType = wrapper.application; includeInIndex = 0; path = CollectionViewBootcamp.app; sourceTree = BUILT_PRODUCTS_DIR; };
		ACCDA3552ADF2A7500DBD278 /* AppDelegate.swift */ = {isa = PBXFileReference; lastKnownFileType = sourcecode.swift; path = AppDelegate.swift; sourceTree = "<group>"; };
		ACCDA3572ADF2A7500DBD278 /* SceneDelegate.swift */ = {isa = PBXFileReference; lastKnownFileType = sourcecode.swift; path = SceneDelegate.swift; sourceTree = "<group>"; };
		ACCDA3592ADF2A7500DBD278 /* ViewController.swift */ = {isa = PBXFileReference; lastKnownFileType = sourcecode.swift; path = ViewController.swift; sourceTree = "<group>"; };
		ACCDA35C2ADF2A7500DBD278 /* Base */ = {isa = PBXFileReference; lastKnownFileType = file.storyboard; name = Base; path = Base.lproj/Main.storyboard; sourceTree = "<group>"; };
		ACCDA35E2ADF2A7600DBD278 /* Assets.xcassets */ = {isa = PBXFileReference; lastKnownFileType = folder.assetcatalog; path = Assets.xcassets; sourceTree = "<group>"; };
		ACCDA3612ADF2A7600DBD278 /* Base */ = {isa = PBXFileReference; lastKnownFileType = file.storyboard; name = Base; path = Base.lproj/LaunchScreen.storyboard; sourceTree = "<group>"; };
		ACCDA3632ADF2A7600DBD278 /* Info.plist */ = {isa = PBXFileReference; lastKnownFileType = text.plist.xml; path = Info.plist; sourceTree = "<group>"; };
		ACCDA3692ADF2F8500DBD278 /* Source.swift */ = {isa = PBXFileReference; lastKnownFileType = sourcecode.swift; path = Source.swift; sourceTree = "<group>"; };
/* End PBXFileReference section */

/* Begin PBXFrameworksBuildPhase section */
		ACCDA34F2ADF2A7500DBD278 /* Frameworks */ = {
			isa = PBXFrameworksBuildPhase;
			buildActionMask = 2147483647;
			files = (
			);
			runOnlyForDeploymentPostprocessing = 0;
		};
/* End PBXFrameworksBuildPhase section */

/* Begin PBXGroup section */
		ACCDA3492ADF2A7500DBD278 = {
			isa = PBXGroup;
			children = (
				ACCDA3542ADF2A7500DBD278 /* CollectionViewBootcamp */,
				ACCDA3532ADF2A7500DBD278 /* Products */,
			);
			sourceTree = "<group>";
		};
		ACCDA3532ADF2A7500DBD278 /* Products */ = {
			isa = PBXGroup;
			children = (
				ACCDA3522ADF2A7500DBD278 /* CollectionViewBootcamp.app */,
			);
			name = Products;
			sourceTree = "<group>";
		};
		ACCDA3542ADF2A7500DBD278 /* CollectionViewBootcamp */ = {
			isa = PBXGroup;
			children = (
				ACCDA3552ADF2A7500DBD278 /* AppDelegate.swift */,
				ACCDA3572ADF2A7500DBD278 /* SceneDelegate.swift */,
				ACCDA3592ADF2A7500DBD278 /* ViewController.swift */,
				ACCDA35B2ADF2A7500DBD278 /* Main.storyboard */,
				ACCDA3692ADF2F8500DBD278 /* Source.swift */,
				ACCDA35E2ADF2A7600DBD278 /* Assets.xcassets */,
				ACCDA3602ADF2A7600DBD278 /* LaunchScreen.storyboard */,
				ACCDA3632ADF2A7600DBD278 /* Info.plist */,
			);
			path = CollectionViewBootcamp;
			sourceTree = "<group>";
		};
/* End PBXGroup section */

/* Begin PBXNativeTarget section */
		ACCDA3512ADF2A7500DBD278 /* CollectionViewBootcamp */ = {
			isa = PBXNativeTarget;
			buildConfigurationList = ACCDA3662ADF2A7600DBD278 /* Build configuration list for PBXNativeTarget "CollectionViewBootcamp" */;
			buildPhases = (
				ACCDA34E2ADF2A7500DBD278 /* Sources */,
				ACCDA34F2ADF2A7500DBD278 /* Frameworks */,
				ACCDA3502ADF2A7500DBD278 /* Resources */,
			);
			buildRules = (
			);
			dependencies = (
			);
			name = CollectionViewBootcamp;
			productName = CollectionViewBootcamp;
			productReference = ACCDA3522ADF2A7500DBD278 /* CollectionViewBootcamp.app */;
			productType = "com.apple.product-type.application";
		};
/* End PBXNativeTarget section */

/* Begin PBXProject section */
		ACCDA34A2ADF2A7500DBD278 /* Project object */ = {
			isa = PBXProject;
			attributes = {
				BuildIndependentTargetsInParallel = 1;
				LastSwiftUpdateCheck = 1430;
				LastUpgradeCheck = 1430;
				TargetAttributes = {
					ACCDA3512ADF2A7500DBD278 = {
						CreatedOnToolsVersion = 14.3.1;
					};
				};
			};
			buildConfigurationList = ACCDA34D2ADF2A7500DBD278 /* Build configuration list for PBXProject "CollectionViewBootcamp" */;
			compatibilityVersion = "Xcode 14.0";
			developmentRegion = en;
			hasScannedForEncodings = 0;
			knownRegions = (
				en,
				Base,
			);
			mainGroup = ACCDA3492ADF2A7500DBD278;
			productRefGroup = ACCDA3532ADF2A7500DBD278 /* Products */;
			projectDirPath = "";
			projectRoot = "";
			targets = (
				ACCDA3512ADF2A7500DBD278 /* CollectionViewBootcamp */,
			);
		};
/* End PBXProject section */

/* Begin PBXResourcesBuildPhase section */
		ACCDA3502ADF2A7500DBD278 /* Resources */ = {
			isa = PBXResourcesBuildPhase;
			buildActionMask = 2147483647;
			files = (
				ACCDA3622ADF2A7600DBD278 /* LaunchScreen.storyboard in Resources */,
				ACCDA35F2ADF2A7600DBD278 /* Assets.xcassets in Resources */,
				ACCDA35D2ADF2A7500DBD278 /* Main.storyboard in Resources */,
			);
			runOnlyForDeploymentPostprocessing = 0;
		};
/* End PBXResourcesBuildPhase section */

/* Begin PBXSourcesBuildPhase section */
		ACCDA34E2ADF2A7500DBD278 /* Sources */ = {
			isa = PBXSourcesBuildPhase;
			buildActionMask = 2147483647;
			files = (
				ACCDA36A2ADF2F8500DBD278 /* Source.swift in Sources */,
				ACCDA35A2ADF2A7500DBD278 /* ViewController.swift in Sources */,
				ACCDA3562ADF2A7500DBD278 /* AppDelegate.swift in Sources */,
				ACCDA3582ADF2A7500DBD278 /* SceneDelegate.swift in Sources */,
			);
			runOnlyForDeploymentPostprocessing = 0;
		};
/* End PBXSourcesBuildPhase section */

/* Begin PBXVariantGroup section */
		ACCDA35B2ADF2A7500DBD278 /* Main.storyboard */ = {
			isa = PBXVariantGroup;
			children = (
				ACCDA35C2ADF2A7500DBD278 /* Base */,
			);
			name = Main.storyboard;
			sourceTree = "<group>";
		};
		ACCDA3602ADF2A7600DBD278 /* LaunchScreen.storyboard */ = {
			isa = PBXVariantGroup;
			children = (
				ACCDA3612ADF2A7600DBD278 /* Base */,
			);
			name = LaunchScreen.storyboard;
			sourceTree = "<group>";
		};
/* End PBXVariantGroup section */

/* Begin XCBuildConfiguration section */
		ACCDA3642ADF2A7600DBD278 /* Debug */ = {
			isa = XCBuildConfiguration;
			buildSettings = {
				ALWAYS_SEARCH_USER_PATHS = NO;
				CLANG_ANALYZER_NONNULL = YES;
				CLANG_ANALYZER_NUMBER_OBJECT_CONVERSION = YES_AGGRESSIVE;
				CLANG_CXX_LANGUAGE_STANDARD = "gnu++20";
				CLANG_ENABLE_MODULES = YES;
				CLANG_ENABLE_OBJC_ARC = YES;
				CLANG_ENABLE_OBJC_WEAK = YES;
				CLANG_WARN_BLOCK_CAPTURE_AUTORELEASING = YES;
				CLANG_WARN_BOOL_CONVERSION = YES;
				CLANG_WARN_COMMA = YES;
				CLANG_WARN_CONSTANT_CONVERSION = YES;
				CLANG_WARN_DEPRECATED_OBJC_IMPLEMENTATIONS = YES;
				CLANG_WARN_DIRECT_OBJC_ISA_USAGE = YES_ERROR;
				CLANG_WARN_DOCUMENTATION_COMMENTS = YES;
				CLANG_WARN_EMPTY_BODY = YES;
				CLANG_WARN_ENUM_CONVERSION = YES;
				CLANG_WARN_INFINITE_RECURSION = YES;
				CLANG_WARN_INT_CONVERSION = YES;
				CLANG_WARN_NON_LITERAL_NULL_CONVERSION = YES;
				CLANG_WARN_OBJC_IMPLICIT_RETAIN_SELF = YES;
				CLANG_WARN_OBJC_LITERAL_CONVERSION = YES;
				CLANG_WARN_OBJC_ROOT_CLASS = YES_ERROR;
				CLANG_WARN_QUOTED_INCLUDE_IN_FRAMEWORK_HEADER = YES;
				CLANG_WARN_RANGE_LOOP_ANALYSIS = YES;
				CLANG_WARN_STRICT_PROTOTYPES = YES;
				CLANG_WARN_SUSPICIOUS_MOVE = YES;
				CLANG_WARN_UNGUARDED_AVAILABILITY = YES_AGGRESSIVE;
				CLANG_WARN_UNREACHABLE_CODE = YES;
				CLANG_WARN__DUPLICATE_METHOD_MATCH = YES;
				COPY_PHASE_STRIP = NO;
				DEBUG_INFORMATION_FORMAT = dwarf;
				ENABLE_STRICT_OBJC_MSGSEND = YES;
				ENABLE_TESTABILITY = YES;
				GCC_C_LANGUAGE_STANDARD = gnu11;
				GCC_DYNAMIC_NO_PIC = NO;
				GCC_NO_COMMON_BLOCKS = YES;
				GCC_OPTIMIZATION_LEVEL = 0;
				GCC_PREPROCESSOR_DEFINITIONS = (
					"DEBUG=1",
					"$(inherited)",
				);
				GCC_WARN_64_TO_32_BIT_CONVERSION = YES;
				GCC_WARN_ABOUT_RETURN_TYPE = YES_ERROR;
				GCC_WARN_UNDECLARED_SELECTOR = YES;
				GCC_WARN_UNINITIALIZED_AUTOS = YES_AGGRESSIVE;
				GCC_WARN_UNUSED_FUNCTION = YES;
				GCC_WARN_UNUSED_VARIABLE = YES;
				IPHONEOS_DEPLOYMENT_TARGET = 16.4;
				MTL_ENABLE_DEBUG_INFO = INCLUDE_SOURCE;
				MTL_FAST_MATH = YES;
				ONLY_ACTIVE_ARCH = YES;
				SDKROOT = iphoneos;
				SWIFT_ACTIVE_COMPILATION_CONDITIONS = DEBUG;
				SWIFT_OPTIMIZATION_LEVEL = "-Onone";
			};
			name = Debug;
		};
		ACCDA3652ADF2A7600DBD278 /* Release */ = {
			isa = XCBuildConfiguration;
			buildSettings = {
				ALWAYS_SEARCH_USER_PATHS = NO;
				CLANG_ANALYZER_NONNULL = YES;
				CLANG_ANALYZER_NUMBER_OBJECT_CONVERSION = YES_AGGRESSIVE;
				CLANG_CXX_LANGUAGE_STANDARD = "gnu++20";
				CLANG_ENABLE_MODULES = YES;
				CLANG_ENABLE_OBJC_ARC = YES;
				CLANG_ENABLE_OBJC_WEAK = YES;
				CLANG_WARN_BLOCK_CAPTURE_AUTORELEASING = YES;
				CLANG_WARN_BOOL_CONVERSION = YES;
				CLANG_WARN_COMMA = YES;
				CLANG_WARN_CONSTANT_CONVERSION = YES;
				CLANG_WARN_DEPRECATED_OBJC_IMPLEMENTATIONS = YES;
				CLANG_WARN_DIRECT_OBJC_ISA_USAGE = YES_ERROR;
				CLANG_WARN_DOCUMENTATION_COMMENTS = YES;
				CLANG_WARN_EMPTY_BODY = YES;
				CLANG_WARN_ENUM_CONVERSION = YES;
				CLANG_WARN_INFINITE_RECURSION = YES;
				CLANG_WARN_INT_CONVERSION = YES;
				CLANG_WARN_NON_LITERAL_NULL_CONVERSION = YES;
				CLANG_WARN_OBJC_IMPLICIT_RETAIN_SELF = YES;
				CLANG_WARN_OBJC_LITERAL_CONVERSION = YES;
				CLANG_WARN_OBJC_ROOT_CLASS = YES_ERROR;
				CLANG_WARN_QUOTED_INCLUDE_IN_FRAMEWORK_HEADER = YES;
				CLANG_WARN_RANGE_LOOP_ANALYSIS = YES;
				CLANG_WARN_STRICT_PROTOTYPES = YES;
				CLANG_WARN_SUSPICIOUS_MOVE = YES;
				CLANG_WARN_UNGUARDED_AVAILABILITY = YES_AGGRESSIVE;
				CLANG_WARN_UNREACHABLE_CODE = YES;
				CLANG_WARN__DUPLICATE_METHOD_MATCH = YES;
				COPY_PHASE_STRIP = NO;
				DEBUG_INFORMATION_FORMAT = "dwarf-with-dsym";
				ENABLE_NS_ASSERTIONS = NO;
				ENABLE_STRICT_OBJC_MSGSEND = YES;
				GCC_C_LANGUAGE_STANDARD = gnu11;
				GCC_NO_COMMON_BLOCKS = YES;
				GCC_WARN_64_TO_32_BIT_CONVERSION = YES;
				GCC_WARN_ABOUT_RETURN_TYPE = YES_ERROR;
				GCC_WARN_UNDECLARED_SELECTOR = YES;
				GCC_WARN_UNINITIALIZED_AUTOS = YES_AGGRESSIVE;
				GCC_WARN_UNUSED_FUNCTION = YES;
				GCC_WARN_UNUSED_VARIABLE = YES;
				IPHONEOS_DEPLOYMENT_TARGET = 16.4;
				MTL_ENABLE_DEBUG_INFO = NO;
				MTL_FAST_MATH = YES;
				SDKROOT = iphoneos;
				SWIFT_COMPILATION_MODE = wholemodule;
				SWIFT_OPTIMIZATION_LEVEL = "-O";
				VALIDATE_PRODUCT = YES;
			};
			name = Release;
		};
		ACCDA3672ADF2A7600DBD278 /* Debug */ = {
			isa = XCBuildConfiguration;
			buildSettings = {
				ASSETCATALOG_COMPILER_APPICON_NAME = AppIcon;
				ASSETCATALOG_COMPILER_GLOBAL_ACCENT_COLOR_NAME = AccentColor;
				CODE_SIGN_STYLE = Automatic;
				CURRENT_PROJECT_VERSION = 1;
				DEVELOPMENT_TEAM = 482344W3R3;
				GENERATE_INFOPLIST_FILE = YES;
				INFOPLIST_FILE = CollectionViewBootcamp/Info.plist;
				INFOPLIST_KEY_UIApplicationSupportsIndirectInputEvents = YES;
				INFOPLIST_KEY_UILaunchStoryboardName = LaunchScreen;
				INFOPLIST_KEY_UIMainStoryboardFile = Main;
				INFOPLIST_KEY_UISupportedInterfaceOrientations_iPad = "UIInterfaceOrientationPortrait UIInterfaceOrientationPortraitUpsideDown UIInterfaceOrientationLandscapeLeft UIInterfaceOrientationLandscapeRight";
				INFOPLIST_KEY_UISupportedInterfaceOrientations_iPhone = "UIInterfaceOrientationPortrait UIInterfaceOrientationLandscapeLeft UIInterfaceOrientationLandscapeRight";
				LD_RUNPATH_SEARCH_PATHS = (
					"$(inherited)",
					"@executable_path/Frameworks",
				);
				MARKETING_VERSION = 1.0;
				PRODUCT_BUNDLE_IDENTIFIER = Artemaj.CollectionViewBootcamp;
				PRODUCT_NAME = "$(TARGET_NAME)";
				SWIFT_EMIT_LOC_STRINGS = YES;
				SWIFT_VERSION = 5.0;
				TARGETED_DEVICE_FAMILY = "1,2";
			};
			name = Debug;
		};
		ACCDA3682ADF2A7600DBD278 /* Release */ = {
			isa = XCBuildConfiguration;
			buildSettings = {
				ASSETCATALOG_COMPILER_APPICON_NAME = AppIcon;
				ASSETCATALOG_COMPILER_GLOBAL_ACCENT_COLOR_NAME = AccentColor;
				CODE_SIGN_STYLE = Automatic;
				CURRENT_PROJECT_VERSION = 1;
				DEVELOPMENT_TEAM = 482344W3R3;
				GENERATE_INFOPLIST_FILE = YES;
				INFOPLIST_FILE = CollectionViewBootcamp/Info.plist;
				INFOPLIST_KEY_UIApplicationSupportsIndirectInputEvents = YES;
				INFOPLIST_KEY_UILaunchStoryboardName = LaunchScreen;
				INFOPLIST_KEY_UIMainStoryboardFile = Main;
				INFOPLIST_KEY_UISupportedInterfaceOrientations_iPad = "UIInterfaceOrientationPortrait UIInterfaceOrientationPortraitUpsideDown UIInterfaceOrientationLandscapeLeft UIInterfaceOrientationLandscapeRight";
				INFOPLIST_KEY_UISupportedInterfaceOrientations_iPhone = "UIInterfaceOrientationPortrait UIInterfaceOrientationLandscapeLeft UIInterfaceOrientationLandscapeRight";
				LD_RUNPATH_SEARCH_PATHS = (
					"$(inherited)",
					"@executable_path/Frameworks",
				);
				MARKETING_VERSION = 1.0;
				PRODUCT_BUNDLE_IDENTIFIER = Artemaj.CollectionViewBootcamp;
				PRODUCT_NAME = "$(TARGET_NAME)";
				SWIFT_EMIT_LOC_STRINGS = YES;
				SWIFT_VERSION = 5.0;
				TARGETED_DEVICE_FAMILY = "1,2";
			};
			name = Release;
		};
/* End XCBuildConfiguration section */

/* Begin XCConfigurationList section */
		ACCDA34D2ADF2A7500DBD278 /* Build configuration list for PBXProject "CollectionViewBootcamp" */ = {
			isa = XCConfigurationList;
			buildConfigurations = (
				ACCDA3642ADF2A7600DBD278 /* Debug */,
				ACCDA3652ADF2A7600DBD278 /* Release */,
			);
			defaultConfigurationIsVisible = 0;
			defaultConfigurationName = Release;
		};
		ACCDA3662ADF2A7600DBD278 /* Build configuration list for PBXNativeTarget "CollectionViewBootcamp" */ = {
			isa = XCConfigurationList;
			buildConfigurations = (
				ACCDA3672ADF2A7600DBD278 /* Debug */,
				ACCDA3682ADF2A7600DBD278 /* Release */,
			);
			defaultConfigurationIsVisible = 0;
			defaultConfigurationName = Release;
		};
/* End XCConfigurationList section */
	};
	rootObject = ACCDA34A2ADF2A7500DBD278 /* Project object */;
}
