// !$*UTF8*$!
{
	archiveVersion = 1;
	classes = {
	};
	objectVersion = 56;
	objects = {

/* Begin PBXBuildFile section */
		ACF2AF1F2ADD62CE0088CB19 /* AppDelegate.swift in Sources */ = {isa = PBXBuildFile; fileRef = ACF2AF1E2ADD62CE0088CB19 /* AppDelegate.swift */; };
		ACF2AF212ADD62CE0088CB19 /* SceneDelegate.swift in Sources */ = {isa = PBXBuildFile; fileRef = ACF2AF202ADD62CE0088CB19 /* SceneDelegate.swift */; };
		ACF2AF232ADD62CE0088CB19 /* ViewController.swift in Sources */ = {isa = PBXBuildFile; fileRef = ACF2AF222ADD62CE0088CB19 /* ViewController.swift */; };
		ACF2AF262ADD62CE0088CB19 /* Main.storyboard in Resources */ = {isa = PBXBuildFile; fileRef = ACF2AF242ADD62CE0088CB19 /* Main.storyboard */; };
		ACF2AF282ADD62CF0088CB19 /* Assets.xcassets in Resources */ = {isa = PBXBuildFile; fileRef = ACF2AF272ADD62CF0088CB19 /* Assets.xcassets */; };
		ACF2AF2B2ADD62CF0088CB19 /* LaunchScreen.storyboard in Resources */ = {isa = PBXBuildFile; fileRef = ACF2AF292ADD62CF0088CB19 /* LaunchScreen.storyboard */; };
		ACF2AF332ADD62FF0088CB19 /* Source.swift in Sources */ = {isa = PBXBuildFile; fileRef = ACF2AF322ADD62FF0088CB19 /* Source.swift */; };
		ACF2AF352ADD63290088CB19 /* ContactCell.swift in Sources */ = {isa = PBXBuildFile; fileRef = ACF2AF342ADD63290088CB19 /* ContactCell.swift */; };
/* End PBXBuildFile section */

/* Begin PBXFileReference section */
		ACF2AF1B2ADD62CE0088CB19 /* TableReloadBootcamp.app */ = {isa = PBXFileReference; explicitFileType = wrapper.application; includeInIndex = 0; path = TableReloadBootcamp.app; sourceTree = BUILT_PRODUCTS_DIR; };
		ACF2AF1E2ADD62CE0088CB19 /* AppDelegate.swift */ = {isa = PBXFileReference; lastKnownFileType = sourcecode.swift; path = AppDelegate.swift; sourceTree = "<group>"; };
		ACF2AF202ADD62CE0088CB19 /* SceneDelegate.swift */ = {isa = PBXFileReference; lastKnownFileType = sourcecode.swift; path = SceneDelegate.swift; sourceTree = "<group>"; };
		ACF2AF222ADD62CE0088CB19 /* ViewController.swift */ = {isa = PBXFileReference; lastKnownFileType = sourcecode.swift; path = ViewController.swift; sourceTree = "<group>"; };
		ACF2AF252ADD62CE0088CB19 /* Base */ = {isa = PBXFileReference; lastKnownFileType = file.storyboard; name = Base; path = Base.lproj/Main.storyboard; sourceTree = "<group>"; };
		ACF2AF272ADD62CF0088CB19 /* Assets.xcassets */ = {isa = PBXFileReference; lastKnownFileType = folder.assetcatalog; path = Assets.xcassets; sourceTree = "<group>"; };
		ACF2AF2A2ADD62CF0088CB19 /* Base */ = {isa = PBXFileReference; lastKnownFileType = file.storyboard; name = Base; path = Base.lproj/LaunchScreen.storyboard; sourceTree = "<group>"; };
		ACF2AF2C2ADD62CF0088CB19 /* Info.plist */ = {isa = PBXFileReference; lastKnownFileType = text.plist.xml; path = Info.plist; sourceTree = "<group>"; };
		ACF2AF322ADD62FF0088CB19 /* Source.swift */ = {isa = PBXFileReference; lastKnownFileType = sourcecode.swift; path = Source.swift; sourceTree = "<group>"; };
		ACF2AF342ADD63290088CB19 /* ContactCell.swift */ = {isa = PBXFileReference; fileEncoding = 4; lastKnownFileType = sourcecode.swift; name = ContactCell.swift; path = ../../TableBootcamp/TableBootcamp/ContactCell.swift; sourceTree = "<group>"; };
/* End PBXFileReference section */

/* Begin PBXFrameworksBuildPhase section */
		ACF2AF182ADD62CE0088CB19 /* Frameworks */ = {
			isa = PBXFrameworksBuildPhase;
			buildActionMask = 2147483647;
			files = (
			);
			runOnlyForDeploymentPostprocessing = 0;
		};
/* End PBXFrameworksBuildPhase section */

/* Begin PBXGroup section */
		ACF2AF122ADD62CE0088CB19 = {
			isa = PBXGroup;
			children = (
				ACF2AF1D2ADD62CE0088CB19 /* TableReloadBootcamp */,
				ACF2AF1C2ADD62CE0088CB19 /* Products */,
			);
			sourceTree = "<group>";
		};
		ACF2AF1C2ADD62CE0088CB19 /* Products */ = {
			isa = PBXGroup;
			children = (
				ACF2AF1B2ADD62CE0088CB19 /* TableReloadBootcamp.app */,
			);
			name = Products;
			sourceTree = "<group>";
		};
		ACF2AF1D2ADD62CE0088CB19 /* TableReloadBootcamp */ = {
			isa = PBXGroup;
			children = (
				ACF2AF1E2ADD62CE0088CB19 /* AppDelegate.swift */,
				ACF2AF202ADD62CE0088CB19 /* SceneDelegate.swift */,
				ACF2AF222ADD62CE0088CB19 /* ViewController.swift */,
				ACF2AF342ADD63290088CB19 /* ContactCell.swift */,
				ACF2AF322ADD62FF0088CB19 /* Source.swift */,
				ACF2AF242ADD62CE0088CB19 /* Main.storyboard */,
				ACF2AF272ADD62CF0088CB19 /* Assets.xcassets */,
				ACF2AF292ADD62CF0088CB19 /* LaunchScreen.storyboard */,
				ACF2AF2C2ADD62CF0088CB19 /* Info.plist */,
			);
			path = TableReloadBootcamp;
			sourceTree = "<group>";
		};
/* End PBXGroup section */

/* Begin PBXNativeTarget section */
		ACF2AF1A2ADD62CE0088CB19 /* TableReloadBootcamp */ = {
			isa = PBXNativeTarget;
			buildConfigurationList = ACF2AF2F2ADD62CF0088CB19 /* Build configuration list for PBXNativeTarget "TableReloadBootcamp" */;
			buildPhases = (
				ACF2AF172ADD62CE0088CB19 /* Sources */,
				ACF2AF182ADD62CE0088CB19 /* Frameworks */,
				ACF2AF192ADD62CE0088CB19 /* Resources */,
			);
			buildRules = (
			);
			dependencies = (
			);
			name = TableReloadBootcamp;
			productName = TableReloadBootcamp;
			productReference = ACF2AF1B2ADD62CE0088CB19 /* TableReloadBootcamp.app */;
			productType = "com.apple.product-type.application";
		};
/* End PBXNativeTarget section */

/* Begin PBXProject section */
		ACF2AF132ADD62CE0088CB19 /* Project object */ = {
			isa = PBXProject;
			attributes = {
				BuildIndependentTargetsInParallel = 1;
				LastSwiftUpdateCheck = 1430;
				LastUpgradeCheck = 1430;
				TargetAttributes = {
					ACF2AF1A2ADD62CE0088CB19 = {
						CreatedOnToolsVersion = 14.3.1;
					};
				};
			};
			buildConfigurationList = ACF2AF162ADD62CE0088CB19 /* Build configuration list for PBXProject "TableReloadBootcamp" */;
			compatibilityVersion = "Xcode 14.0";
			developmentRegion = en;
			hasScannedForEncodings = 0;
			knownRegions = (
				en,
				Base,
			);
			mainGroup = ACF2AF122ADD62CE0088CB19;
			productRefGroup = ACF2AF1C2ADD62CE0088CB19 /* Products */;
			projectDirPath = "";
			projectRoot = "";
			targets = (
				ACF2AF1A2ADD62CE0088CB19 /* TableReloadBootcamp */,
			);
		};
/* End PBXProject section */

/* Begin PBXResourcesBuildPhase section */
		ACF2AF192ADD62CE0088CB19 /* Resources */ = {
			isa = PBXResourcesBuildPhase;
			buildActionMask = 2147483647;
			files = (
				ACF2AF2B2ADD62CF0088CB19 /* LaunchScreen.storyboard in Resources */,
				ACF2AF282ADD62CF0088CB19 /* Assets.xcassets in Resources */,
				ACF2AF262ADD62CE0088CB19 /* Main.storyboard in Resources */,
			);
			runOnlyForDeploymentPostprocessing = 0;
		};
/* End PBXResourcesBuildPhase section */

/* Begin PBXSourcesBuildPhase section */
		ACF2AF172ADD62CE0088CB19 /* Sources */ = {
			isa = PBXSourcesBuildPhase;
			buildActionMask = 2147483647;
			files = (
				ACF2AF352ADD63290088CB19 /* ContactCell.swift in Sources */,
				ACF2AF332ADD62FF0088CB19 /* Source.swift in Sources */,
				ACF2AF232ADD62CE0088CB19 /* ViewController.swift in Sources */,
				ACF2AF1F2ADD62CE0088CB19 /* AppDelegate.swift in Sources */,
				ACF2AF212ADD62CE0088CB19 /* SceneDelegate.swift in Sources */,
			);
			runOnlyForDeploymentPostprocessing = 0;
		};
/* End PBXSourcesBuildPhase section */

/* Begin PBXVariantGroup section */
		ACF2AF242ADD62CE0088CB19 /* Main.storyboard */ = {
			isa = PBXVariantGroup;
			children = (
				ACF2AF252ADD62CE0088CB19 /* Base */,
			);
			name = Main.storyboard;
			sourceTree = "<group>";
		};
		ACF2AF292ADD62CF0088CB19 /* LaunchScreen.storyboard */ = {
			isa = PBXVariantGroup;
			children = (
				ACF2AF2A2ADD62CF0088CB19 /* Base */,
			);
			name = LaunchScreen.storyboard;
			sourceTree = "<group>";
		};
/* End PBXVariantGroup section */

/* Begin XCBuildConfiguration section */
		ACF2AF2D2ADD62CF0088CB19 /* Debug */ = {
			isa = XCBuildConfiguration;
			buildSettings = {
				ALWAYS_SEARCH_USER_PATHS = NO;
				CLANG_ANALYZER_NONNULL = YES;
				CLANG_ANALYZER_NUMBER_OBJECT_CONVERSION = YES_AGGRESSIVE;
				CLANG_CXX_LANGUAGE_STANDARD = "gnu++20";
				CLANG_ENABLE_MODULES = YES;
				CLANG_ENABLE_OBJC_ARC = YES;
				CLANG_ENABLE_OBJC_WEAK = YES;
				CLANG_WARN_BLOCK_CAPTURE_AUTORELEASING = YES;
				CLANG_WARN_BOOL_CONVERSION = YES;
				CLANG_WARN_COMMA = YES;
				CLANG_WARN_CONSTANT_CONVERSION = YES;
				CLANG_WARN_DEPRECATED_OBJC_IMPLEMENTATIONS = YES;
				CLANG_WARN_DIRECT_OBJC_ISA_USAGE = YES_ERROR;
				CLANG_WARN_DOCUMENTATION_COMMENTS = YES;
				CLANG_WARN_EMPTY_BODY = YES;
				CLANG_WARN_ENUM_CONVERSION = YES;
				CLANG_WARN_INFINITE_RECURSION = YES;
				CLANG_WARN_INT_CONVERSION = YES;
				CLANG_WARN_NON_LITERAL_NULL_CONVERSION = YES;
				CLANG_WARN_OBJC_IMPLICIT_RETAIN_SELF = YES;
				CLANG_WARN_OBJC_LITERAL_CONVERSION = YES;
				CLANG_WARN_OBJC_ROOT_CLASS = YES_ERROR;
				CLANG_WARN_QUOTED_INCLUDE_IN_FRAMEWORK_HEADER = YES;
				CLANG_WARN_RANGE_LOOP_ANALYSIS = YES;
				CLANG_WARN_STRICT_PROTOTYPES = YES;
				CLANG_WARN_SUSPICIOUS_MOVE = YES;
				CLANG_WARN_UNGUARDED_AVAILABILITY = YES_AGGRESSIVE;
				CLANG_WARN_UNREACHABLE_CODE = YES;
				CLANG_WARN__DUPLICATE_METHOD_MATCH = YES;
				COPY_PHASE_STRIP = NO;
				DEBUG_INFORMATION_FORMAT = dwarf;
				ENABLE_STRICT_OBJC_MSGSEND = YES;
				ENABLE_TESTABILITY = YES;
				GCC_C_LANGUAGE_STANDARD = gnu11;
				GCC_DYNAMIC_NO_PIC = NO;
				GCC_NO_COMMON_BLOCKS = YES;
				GCC_OPTIMIZATION_LEVEL = 0;
				GCC_PREPROCESSOR_DEFINITIONS = (
					"DEBUG=1",
					"$(inherited)",
				);
				GCC_WARN_64_TO_32_BIT_CONVERSION = YES;
				GCC_WARN_ABOUT_RETURN_TYPE = YES_ERROR;
				GCC_WARN_UNDECLARED_SELECTOR = YES;
				GCC_WARN_UNINITIALIZED_AUTOS = YES_AGGRESSIVE;
				GCC_WARN_UNUSED_FUNCTION = YES;
				GCC_WARN_UNUSED_VARIABLE = YES;
				IPHONEOS_DEPLOYMENT_TARGET = 16.4;
				MTL_ENABLE_DEBUG_INFO = INCLUDE_SOURCE;
				MTL_FAST_MATH = YES;
				ONLY_ACTIVE_ARCH = YES;
				SDKROOT = iphoneos;
				SWIFT_ACTIVE_COMPILATION_CONDITIONS = DEBUG;
				SWIFT_OPTIMIZATION_LEVEL = "-Onone";
			};
			name = Debug;
		};
		ACF2AF2E2ADD62CF0088CB19 /* Release */ = {
			isa = XCBuildConfiguration;
			buildSettings = {
				ALWAYS_SEARCH_USER_PATHS = NO;
				CLANG_ANALYZER_NONNULL = YES;
				CLANG_ANALYZER_NUMBER_OBJECT_CONVERSION = YES_AGGRESSIVE;
				CLANG_CXX_LANGUAGE_STANDARD = "gnu++20";
				CLANG_ENABLE_MODULES = YES;
				CLANG_ENABLE_OBJC_ARC = YES;
				CLANG_ENABLE_OBJC_WEAK = YES;
				CLANG_WARN_BLOCK_CAPTURE_AUTORELEASING = YES;
				CLANG_WARN_BOOL_CONVERSION = YES;
				CLANG_WARN_COMMA = YES;
				CLANG_WARN_CONSTANT_CONVERSION = YES;
				CLANG_WARN_DEPRECATED_OBJC_IMPLEMENTATIONS = YES;
				CLANG_WARN_DIRECT_OBJC_ISA_USAGE = YES_ERROR;
				CLANG_WARN_DOCUMENTATION_COMMENTS = YES;
				CLANG_WARN_EMPTY_BODY = YES;
				CLANG_WARN_ENUM_CONVERSION = YES;
				CLANG_WARN_INFINITE_RECURSION = YES;
				CLANG_WARN_INT_CONVERSION = YES;
				CLANG_WARN_NON_LITERAL_NULL_CONVERSION = YES;
				CLANG_WARN_OBJC_IMPLICIT_RETAIN_SELF = YES;
				CLANG_WARN_OBJC_LITERAL_CONVERSION = YES;
				CLANG_WARN_OBJC_ROOT_CLASS = YES_ERROR;
				CLANG_WARN_QUOTED_INCLUDE_IN_FRAMEWORK_HEADER = YES;
				CLANG_WARN_RANGE_LOOP_ANALYSIS = YES;
				CLANG_WARN_STRICT_PROTOTYPES = YES;
				CLANG_WARN_SUSPICIOUS_MOVE = YES;
				CLANG_WARN_UNGUARDED_AVAILABILITY = YES_AGGRESSIVE;
				CLANG_WARN_UNREACHABLE_CODE = YES;
				CLANG_WARN__DUPLICATE_METHOD_MATCH = YES;
				COPY_PHASE_STRIP = NO;
				DEBUG_INFORMATION_FORMAT = "dwarf-with-dsym";
				ENABLE_NS_ASSERTIONS = NO;
				ENABLE_STRICT_OBJC_MSGSEND = YES;
				GCC_C_LANGUAGE_STANDARD = gnu11;
				GCC_NO_COMMON_BLOCKS = YES;
				GCC_WARN_64_TO_32_BIT_CONVERSION = YES;
				GCC_WARN_ABOUT_RETURN_TYPE = YES_ERROR;
				GCC_WARN_UNDECLARED_SELECTOR = YES;
				GCC_WARN_UNINITIALIZED_AUTOS = YES_AGGRESSIVE;
				GCC_WARN_UNUSED_FUNCTION = YES;
				GCC_WARN_UNUSED_VARIABLE = YES;
				IPHONEOS_DEPLOYMENT_TARGET = 16.4;
				MTL_ENABLE_DEBUG_INFO = NO;
				MTL_FAST_MATH = YES;
				SDKROOT = iphoneos;
				SWIFT_COMPILATION_MODE = wholemodule;
				SWIFT_OPTIMIZATION_LEVEL = "-O";
				VALIDATE_PRODUCT = YES;
			};
			name = Release;
		};
		ACF2AF302ADD62CF0088CB19 /* Debug */ = {
			isa = XCBuildConfiguration;
			buildSettings = {
				ASSETCATALOG_COMPILER_APPICON_NAME = AppIcon;
				ASSETCATALOG_COMPILER_GLOBAL_ACCENT_COLOR_NAME = AccentColor;
				CODE_SIGN_STYLE = Automatic;
				CURRENT_PROJECT_VERSION = 1;
				DEVELOPMENT_TEAM = 482344W3R3;
				GENERATE_INFOPLIST_FILE = YES;
				INFOPLIST_FILE = TableReloadBootcamp/Info.plist;
				INFOPLIST_KEY_UIApplicationSupportsIndirectInputEvents = YES;
				INFOPLIST_KEY_UILaunchStoryboardName = LaunchScreen;
				INFOPLIST_KEY_UIMainStoryboardFile = Main;
				INFOPLIST_KEY_UISupportedInterfaceOrientations_iPad = "UIInterfaceOrientationPortrait UIInterfaceOrientationPortraitUpsideDown UIInterfaceOrientationLandscapeLeft UIInterfaceOrientationLandscapeRight";
				INFOPLIST_KEY_UISupportedInterfaceOrientations_iPhone = "UIInterfaceOrientationPortrait UIInterfaceOrientationLandscapeLeft UIInterfaceOrientationLandscapeRight";
				LD_RUNPATH_SEARCH_PATHS = (
					"$(inherited)",
					"@executable_path/Frameworks",
				);
				MARKETING_VERSION = 1.0;
				PRODUCT_BUNDLE_IDENTIFIER = Artemaj.TableReloadBootcamp;
				PRODUCT_NAME = "$(TARGET_NAME)";
				SWIFT_EMIT_LOC_STRINGS = YES;
				SWIFT_VERSION = 5.0;
				TARGETED_DEVICE_FAMILY = "1,2";
			};
			name = Debug;
		};
		ACF2AF312ADD62CF0088CB19 /* Release */ = {
			isa = XCBuildConfiguration;
			buildSettings = {
				ASSETCATALOG_COMPILER_APPICON_NAME = AppIcon;
				ASSETCATALOG_COMPILER_GLOBAL_ACCENT_COLOR_NAME = AccentColor;
				CODE_SIGN_STYLE = Automatic;
				CURRENT_PROJECT_VERSION = 1;
				DEVELOPMENT_TEAM = 482344W3R3;
				GENERATE_INFOPLIST_FILE = YES;
				INFOPLIST_FILE = TableReloadBootcamp/Info.plist;
				INFOPLIST_KEY_UIApplicationSupportsIndirectInputEvents = YES;
				INFOPLIST_KEY_UILaunchStoryboardName = LaunchScreen;
				INFOPLIST_KEY_UIMainStoryboardFile = Main;
				INFOPLIST_KEY_UISupportedInterfaceOrientations_iPad = "UIInterfaceOrientationPortrait UIInterfaceOrientationPortraitUpsideDown UIInterfaceOrientationLandscapeLeft UIInterfaceOrientationLandscapeRight";
				INFOPLIST_KEY_UISupportedInterfaceOrientations_iPhone = "UIInterfaceOrientationPortrait UIInterfaceOrientationLandscapeLeft UIInterfaceOrientationLandscapeRight";
				LD_RUNPATH_SEARCH_PATHS = (
					"$(inherited)",
					"@executable_path/Frameworks",
				);
				MARKETING_VERSION = 1.0;
				PRODUCT_BUNDLE_IDENTIFIER = Artemaj.TableReloadBootcamp;
				PRODUCT_NAME = "$(TARGET_NAME)";
				SWIFT_EMIT_LOC_STRINGS = YES;
				SWIFT_VERSION = 5.0;
				TARGETED_DEVICE_FAMILY = "1,2";
			};
			name = Release;
		};
/* End XCBuildConfiguration section */

/* Begin XCConfigurationList section */
		ACF2AF162ADD62CE0088CB19 /* Build configuration list for PBXProject "TableReloadBootcamp" */ = {
			isa = XCConfigurationList;
			buildConfigurations = (
				ACF2AF2D2ADD62CF0088CB19 /* Debug */,
				ACF2AF2E2ADD62CF0088CB19 /* Release */,
			);
			defaultConfigurationIsVisible = 0;
			defaultConfigurationName = Release;
		};
		ACF2AF2F2ADD62CF0088CB19 /* Build configuration list for PBXNativeTarget "TableReloadBootcamp" */ = {
			isa = XCConfigurationList;
			buildConfigurations = (
				ACF2AF302ADD62CF0088CB19 /* Debug */,
				ACF2AF312ADD62CF0088CB19 /* Release */,
			);
			defaultConfigurationIsVisible = 0;
			defaultConfigurationName = Release;
		};
/* End XCConfigurationList section */
	};
	rootObject = ACF2AF132ADD62CE0088CB19 /* Project object */;
}
