// !$*UTF8*$!
{
	archiveVersion = 1;
	classes = {
	};
	objectVersion = 56;
	objects = {

/* Begin PBXBuildFile section */
		ACF2AEDB2ADD3F9F0088CB19 /* AppDelegate.swift in Sources */ = {isa = PBXBuildFile; fileRef = ACF2AEDA2ADD3F9F0088CB19 /* AppDelegate.swift */; };
		ACF2AEDD2ADD3F9F0088CB19 /* SceneDelegate.swift in Sources */ = {isa = PBXBuildFile; fileRef = ACF2AEDC2ADD3F9F0088CB19 /* SceneDelegate.swift */; };
		ACF2AEDF2ADD3F9F0088CB19 /* ViewController.swift in Sources */ = {isa = PBXBuildFile; fileRef = ACF2AEDE2ADD3F9F0088CB19 /* ViewController.swift */; };
		ACF2AEE22ADD3F9F0088CB19 /* Main.storyboard in Resources */ = {isa = PBXBuildFile; fileRef = ACF2AEE02ADD3F9F0088CB19 /* Main.storyboard */; };
		ACF2AEE42ADD3F9F0088CB19 /* Assets.xcassets in Resources */ = {isa = PBXBuildFile; fileRef = ACF2AEE32ADD3F9F0088CB19 /* Assets.xcassets */; };
		ACF2AEE72ADD3F9F0088CB19 /* LaunchScreen.storyboard in Resources */ = {isa = PBXBuildFile; fileRef = ACF2AEE52ADD3F9F0088CB19 /* LaunchScreen.storyboard */; };
/* End PBXBuildFile section */

/* Begin PBXFileReference section */
		ACF2AED72ADD3F9F0088CB19 /* PageControlBootcamp.app */ = {isa = PBXFileReference; explicitFileType = wrapper.application; includeInIndex = 0; path = PageControlBootcamp.app; sourceTree = BUILT_PRODUCTS_DIR; };
		ACF2AEDA2ADD3F9F0088CB19 /* AppDelegate.swift */ = {isa = PBXFileReference; lastKnownFileType = sourcecode.swift; path = AppDelegate.swift; sourceTree = "<group>"; };
		ACF2AEDC2ADD3F9F0088CB19 /* SceneDelegate.swift */ = {isa = PBXFileReference; lastKnownFileType = sourcecode.swift; path = SceneDelegate.swift; sourceTree = "<group>"; };
		ACF2AEDE2ADD3F9F0088CB19 /* ViewController.swift */ = {isa = PBXFileReference; lastKnownFileType = sourcecode.swift; path = ViewController.swift; sourceTree = "<group>"; };
		ACF2AEE12ADD3F9F0088CB19 /* Base */ = {isa = PBXFileReference; lastKnownFileType = file.storyboard; name = Base; path = Base.lproj/Main.storyboard; sourceTree = "<group>"; };
		ACF2AEE32ADD3F9F0088CB19 /* Assets.xcassets */ = {isa = PBXFileReference; lastKnownFileType = folder.assetcatalog; path = Assets.xcassets; sourceTree = "<group>"; };
		ACF2AEE62ADD3F9F0088CB19 /* Base */ = {isa = PBXFileReference; lastKnownFileType = file.storyboard; name = Base; path = Base.lproj/LaunchScreen.storyboard; sourceTree = "<group>"; };
		ACF2AEE82ADD3F9F0088CB19 /* Info.plist */ = {isa = PBXFileReference; lastKnownFileType = text.plist.xml; path = Info.plist; sourceTree = "<group>"; };
/* End PBXFileReference section */

/* Begin PBXFrameworksBuildPhase section */
		ACF2AED42ADD3F9F0088CB19 /* Frameworks */ = {
			isa = PBXFrameworksBuildPhase;
			buildActionMask = 2147483647;
			files = (
			);
			runOnlyForDeploymentPostprocessing = 0;
		};
/* End PBXFrameworksBuildPhase section */

/* Begin PBXGroup section */
		ACF2AECE2ADD3F9F0088CB19 = {
			isa = PBXGroup;
			children = (
				ACF2AED92ADD3F9F0088CB19 /* PageControlBootcamp */,
				ACF2AED82ADD3F9F0088CB19 /* Products */,
			);
			sourceTree = "<group>";
		};
		ACF2AED82ADD3F9F0088CB19 /* Products */ = {
			isa = PBXGroup;
			children = (
				ACF2AED72ADD3F9F0088CB19 /* PageControlBootcamp.app */,
			);
			name = Products;
			sourceTree = "<group>";
		};
		ACF2AED92ADD3F9F0088CB19 /* PageControlBootcamp */ = {
			isa = PBXGroup;
			children = (
				ACF2AEDA2ADD3F9F0088CB19 /* AppDelegate.swift */,
				ACF2AEDC2ADD3F9F0088CB19 /* SceneDelegate.swift */,
				ACF2AEDE2ADD3F9F0088CB19 /* ViewController.swift */,
				ACF2AEE02ADD3F9F0088CB19 /* Main.storyboard */,
				ACF2AEE32ADD3F9F0088CB19 /* Assets.xcassets */,
				ACF2AEE52ADD3F9F0088CB19 /* LaunchScreen.storyboard */,
				ACF2AEE82ADD3F9F0088CB19 /* Info.plist */,
			);
			path = PageControlBootcamp;
			sourceTree = "<group>";
		};
/* End PBXGroup section */

/* Begin PBXNativeTarget section */
		ACF2AED62ADD3F9F0088CB19 /* PageControlBootcamp */ = {
			isa = PBXNativeTarget;
			buildConfigurationList = ACF2AEEB2ADD3F9F0088CB19 /* Build configuration list for PBXNativeTarget "PageControlBootcamp" */;
			buildPhases = (
				ACF2AED32ADD3F9F0088CB19 /* Sources */,
				ACF2AED42ADD3F9F0088CB19 /* Frameworks */,
				ACF2AED52ADD3F9F0088CB19 /* Resources */,
			);
			buildRules = (
			);
			dependencies = (
			);
			name = PageControlBootcamp;
			productName = PageControlBootcamp;
			productReference = ACF2AED72ADD3F9F0088CB19 /* PageControlBootcamp.app */;
			productType = "com.apple.product-type.application";
		};
/* End PBXNativeTarget section */

/* Begin PBXProject section */
		ACF2AECF2ADD3F9F0088CB19 /* Project object */ = {
			isa = PBXProject;
			attributes = {
				BuildIndependentTargetsInParallel = 1;
				LastSwiftUpdateCheck = 1430;
				LastUpgradeCheck = 1430;
				TargetAttributes = {
					ACF2AED62ADD3F9F0088CB19 = {
						CreatedOnToolsVersion = 14.3.1;
					};
				};
			};
			buildConfigurationList = ACF2AED22ADD3F9F0088CB19 /* Build configuration list for PBXProject "PageControlBootcamp" */;
			compatibilityVersion = "Xcode 14.0";
			developmentRegion = en;
			hasScannedForEncodings = 0;
			knownRegions = (
				en,
				Base,
			);
			mainGroup = ACF2AECE2ADD3F9F0088CB19;
			productRefGroup = ACF2AED82ADD3F9F0088CB19 /* Products */;
			projectDirPath = "";
			projectRoot = "";
			targets = (
				ACF2AED62ADD3F9F0088CB19 /* PageControlBootcamp */,
			);
		};
/* End PBXProject section */

/* Begin PBXResourcesBuildPhase section */
		ACF2AED52ADD3F9F0088CB19 /* Resources */ = {
			isa = PBXResourcesBuildPhase;
			buildActionMask = 2147483647;
			files = (
				ACF2AEE72ADD3F9F0088CB19 /* LaunchScreen.storyboard in Resources */,
				ACF2AEE42ADD3F9F0088CB19 /* Assets.xcassets in Resources */,
				ACF2AEE22ADD3F9F0088CB19 /* Main.storyboard in Resources */,
			);
			runOnlyForDeploymentPostprocessing = 0;
		};
/* End PBXResourcesBuildPhase section */

/* Begin PBXSourcesBuildPhase section */
		ACF2AED32ADD3F9F0088CB19 /* Sources */ = {
			isa = PBXSourcesBuildPhase;
			buildActionMask = 2147483647;
			files = (
				ACF2AEDF2ADD3F9F0088CB19 /* ViewController.swift in Sources */,
				ACF2AEDB2ADD3F9F0088CB19 /* AppDelegate.swift in Sources */,
				ACF2AEDD2ADD3F9F0088CB19 /* SceneDelegate.swift in Sources */,
			);
			runOnlyForDeploymentPostprocessing = 0;
		};
/* End PBXSourcesBuildPhase section */

/* Begin PBXVariantGroup section */
		ACF2AEE02ADD3F9F0088CB19 /* Main.storyboard */ = {
			isa = PBXVariantGroup;
			children = (
				ACF2AEE12ADD3F9F0088CB19 /* Base */,
			);
			name = Main.storyboard;
			sourceTree = "<group>";
		};
		ACF2AEE52ADD3F9F0088CB19 /* LaunchScreen.storyboard */ = {
			isa = PBXVariantGroup;
			children = (
				ACF2AEE62ADD3F9F0088CB19 /* Base */,
			);
			name = LaunchScreen.storyboard;
			sourceTree = "<group>";
		};
/* End PBXVariantGroup section */

/* Begin XCBuildConfiguration section */
		ACF2AEE92ADD3F9F0088CB19 /* Debug */ = {
			isa = XCBuildConfiguration;
			buildSettings = {
				ALWAYS_SEARCH_USER_PATHS = NO;
				CLANG_ANALYZER_NONNULL = YES;
				CLANG_ANALYZER_NUMBER_OBJECT_CONVERSION = YES_AGGRESSIVE;
				CLANG_CXX_LANGUAGE_STANDARD = "gnu++20";
				CLANG_ENABLE_MODULES = YES;
				CLANG_ENABLE_OBJC_ARC = YES;
				CLANG_ENABLE_OBJC_WEAK = YES;
				CLANG_WARN_BLOCK_CAPTURE_AUTORELEASING = YES;
				CLANG_WARN_BOOL_CONVERSION = YES;
				CLANG_WARN_COMMA = YES;
				CLANG_WARN_CONSTANT_CONVERSION = YES;
				CLANG_WARN_DEPRECATED_OBJC_IMPLEMENTATIONS = YES;
				CLANG_WARN_DIRECT_OBJC_ISA_USAGE = YES_ERROR;
				CLANG_WARN_DOCUMENTATION_COMMENTS = YES;
				CLANG_WARN_EMPTY_BODY = YES;
				CLANG_WARN_ENUM_CONVERSION = YES;
				CLANG_WARN_INFINITE_RECURSION = YES;
				CLANG_WARN_INT_CONVERSION = YES;
				CLANG_WARN_NON_LITERAL_NULL_CONVERSION = YES;
				CLANG_WARN_OBJC_IMPLICIT_RETAIN_SELF = YES;
				CLANG_WARN_OBJC_LITERAL_CONVERSION = YES;
				CLANG_WARN_OBJC_ROOT_CLASS = YES_ERROR;
				CLANG_WARN_QUOTED_INCLUDE_IN_FRAMEWORK_HEADER = YES;
				CLANG_WARN_RANGE_LOOP_ANALYSIS = YES;
				CLANG_WARN_STRICT_PROTOTYPES = YES;
				CLANG_WARN_SUSPICIOUS_MOVE = YES;
				CLANG_WARN_UNGUARDED_AVAILABILITY = YES_AGGRESSIVE;
				CLANG_WARN_UNREACHABLE_CODE = YES;
				CLANG_WARN__DUPLICATE_METHOD_MATCH = YES;
				COPY_PHASE_STRIP = NO;
				DEBUG_INFORMATION_FORMAT = dwarf;
				ENABLE_STRICT_OBJC_MSGSEND = YES;
				ENABLE_TESTABILITY = YES;
				GCC_C_LANGUAGE_STANDARD = gnu11;
				GCC_DYNAMIC_NO_PIC = NO;
				GCC_NO_COMMON_BLOCKS = YES;
				GCC_OPTIMIZATION_LEVEL = 0;
				GCC_PREPROCESSOR_DEFINITIONS = (
					"DEBUG=1",
					"$(inherited)",
				);
				GCC_WARN_64_TO_32_BIT_CONVERSION = YES;
				GCC_WARN_ABOUT_RETURN_TYPE = YES_ERROR;
				GCC_WARN_UNDECLARED_SELECTOR = YES;
				GCC_WARN_UNINITIALIZED_AUTOS = YES_AGGRESSIVE;
				GCC_WARN_UNUSED_FUNCTION = YES;
				GCC_WARN_UNUSED_VARIABLE = YES;
				IPHONEOS_DEPLOYMENT_TARGET = 16.4;
				MTL_ENABLE_DEBUG_INFO = INCLUDE_SOURCE;
				MTL_FAST_MATH = YES;
				ONLY_ACTIVE_ARCH = YES;
				SDKROOT = iphoneos;
				SWIFT_ACTIVE_COMPILATION_CONDITIONS = DEBUG;
				SWIFT_OPTIMIZATION_LEVEL = "-Onone";
			};
			name = Debug;
		};
		ACF2AEEA2ADD3F9F0088CB19 /* Release */ = {
			isa = XCBuildConfiguration;
			buildSettings = {
				ALWAYS_SEARCH_USER_PATHS = NO;
				CLANG_ANALYZER_NONNULL = YES;
				CLANG_ANALYZER_NUMBER_OBJECT_CONVERSION = YES_AGGRESSIVE;
				CLANG_CXX_LANGUAGE_STANDARD = "gnu++20";
				CLANG_ENABLE_MODULES = YES;
				CLANG_ENABLE_OBJC_ARC = YES;
				CLANG_ENABLE_OBJC_WEAK = YES;
				CLANG_WARN_BLOCK_CAPTURE_AUTORELEASING = YES;
				CLANG_WARN_BOOL_CONVERSION = YES;
				CLANG_WARN_COMMA = YES;
				CLANG_WARN_CONSTANT_CONVERSION = YES;
				CLANG_WARN_DEPRECATED_OBJC_IMPLEMENTATIONS = YES;
				CLANG_WARN_DIRECT_OBJC_ISA_USAGE = YES_ERROR;
				CLANG_WARN_DOCUMENTATION_COMMENTS = YES;
				CLANG_WARN_EMPTY_BODY = YES;
				CLANG_WARN_ENUM_CONVERSION = YES;
				CLANG_WARN_INFINITE_RECURSION = YES;
				CLANG_WARN_INT_CONVERSION = YES;
				CLANG_WARN_NON_LITERAL_NULL_CONVERSION = YES;
				CLANG_WARN_OBJC_IMPLICIT_RETAIN_SELF = YES;
				CLANG_WARN_OBJC_LITERAL_CONVERSION = YES;
				CLANG_WARN_OBJC_ROOT_CLASS = YES_ERROR;
				CLANG_WARN_QUOTED_INCLUDE_IN_FRAMEWORK_HEADER = YES;
				CLANG_WARN_RANGE_LOOP_ANALYSIS = YES;
				CLANG_WARN_STRICT_PROTOTYPES = YES;
				CLANG_WARN_SUSPICIOUS_MOVE = YES;
				CLANG_WARN_UNGUARDED_AVAILABILITY = YES_AGGRESSIVE;
				CLANG_WARN_UNREACHABLE_CODE = YES;
				CLANG_WARN__DUPLICATE_METHOD_MATCH = YES;
				COPY_PHASE_STRIP = NO;
				DEBUG_INFORMATION_FORMAT = "dwarf-with-dsym";
				ENABLE_NS_ASSERTIONS = NO;
				ENABLE_STRICT_OBJC_MSGSEND = YES;
				GCC_C_LANGUAGE_STANDARD = gnu11;
				GCC_NO_COMMON_BLOCKS = YES;
				GCC_WARN_64_TO_32_BIT_CONVERSION = YES;
				GCC_WARN_ABOUT_RETURN_TYPE = YES_ERROR;
				GCC_WARN_UNDECLARED_SELECTOR = YES;
				GCC_WARN_UNINITIALIZED_AUTOS = YES_AGGRESSIVE;
				GCC_WARN_UNUSED_FUNCTION = YES;
				GCC_WARN_UNUSED_VARIABLE = YES;
				IPHONEOS_DEPLOYMENT_TARGET = 16.4;
				MTL_ENABLE_DEBUG_INFO = NO;
				MTL_FAST_MATH = YES;
				SDKROOT = iphoneos;
				SWIFT_COMPILATION_MODE = wholemodule;
				SWIFT_OPTIMIZATION_LEVEL = "-O";
				VALIDATE_PRODUCT = YES;
			};
			name = Release;
		};
		ACF2AEEC2ADD3F9F0088CB19 /* Debug */ = {
			isa = XCBuildConfiguration;
			buildSettings = {
				ASSETCATALOG_COMPILER_APPICON_NAME = AppIcon;
				ASSETCATALOG_COMPILER_GLOBAL_ACCENT_COLOR_NAME = AccentColor;
				CODE_SIGN_STYLE = Automatic;
				CURRENT_PROJECT_VERSION = 1;
				DEVELOPMENT_TEAM = 482344W3R3;
				GENERATE_INFOPLIST_FILE = YES;
				INFOPLIST_FILE = PageControlBootcamp/Info.plist;
				INFOPLIST_KEY_UIApplicationSupportsIndirectInputEvents = YES;
				INFOPLIST_KEY_UILaunchStoryboardName = LaunchScreen;
				INFOPLIST_KEY_UIMainStoryboardFile = Main;
				INFOPLIST_KEY_UISupportedInterfaceOrientations_iPad = "UIInterfaceOrientationPortrait UIInterfaceOrientationPortraitUpsideDown UIInterfaceOrientationLandscapeLeft UIInterfaceOrientationLandscapeRight";
				INFOPLIST_KEY_UISupportedInterfaceOrientations_iPhone = "UIInterfaceOrientationPortrait UIInterfaceOrientationLandscapeLeft UIInterfaceOrientationLandscapeRight";
				LD_RUNPATH_SEARCH_PATHS = (
					"$(inherited)",
					"@executable_path/Frameworks",
				);
				MARKETING_VERSION = 1.0;
				PRODUCT_BUNDLE_IDENTIFIER = Artemaj.PageControlBootcamp;
				PRODUCT_NAME = "$(TARGET_NAME)";
				SWIFT_EMIT_LOC_STRINGS = YES;
				SWIFT_VERSION = 5.0;
				TARGETED_DEVICE_FAMILY = "1,2";
			};
			name = Debug;
		};
		ACF2AEED2ADD3F9F0088CB19 /* Release */ = {
			isa = XCBuildConfiguration;
			buildSettings = {
				ASSETCATALOG_COMPILER_APPICON_NAME = AppIcon;
				ASSETCATALOG_COMPILER_GLOBAL_ACCENT_COLOR_NAME = AccentColor;
				CODE_SIGN_STYLE = Automatic;
				CURRENT_PROJECT_VERSION = 1;
				DEVELOPMENT_TEAM = 482344W3R3;
				GENERATE_INFOPLIST_FILE = YES;
				INFOPLIST_FILE = PageControlBootcamp/Info.plist;
				INFOPLIST_KEY_UIApplicationSupportsIndirectInputEvents = YES;
				INFOPLIST_KEY_UILaunchStoryboardName = LaunchScreen;
				INFOPLIST_KEY_UIMainStoryboardFile = Main;
				INFOPLIST_KEY_UISupportedInterfaceOrientations_iPad = "UIInterfaceOrientationPortrait UIInterfaceOrientationPortraitUpsideDown UIInterfaceOrientationLandscapeLeft UIInterfaceOrientationLandscapeRight";
				INFOPLIST_KEY_UISupportedInterfaceOrientations_iPhone = "UIInterfaceOrientationPortrait UIInterfaceOrientationLandscapeLeft UIInterfaceOrientationLandscapeRight";
				LD_RUNPATH_SEARCH_PATHS = (
					"$(inherited)",
					"@executable_path/Frameworks",
				);
				MARKETING_VERSION = 1.0;
				PRODUCT_BUNDLE_IDENTIFIER = Artemaj.PageControlBootcamp;
				PRODUCT_NAME = "$(TARGET_NAME)";
				SWIFT_EMIT_LOC_STRINGS = YES;
				SWIFT_VERSION = 5.0;
				TARGETED_DEVICE_FAMILY = "1,2";
			};
			name = Release;
		};
/* End XCBuildConfiguration section */

/* Begin XCConfigurationList section */
		ACF2AED22ADD3F9F0088CB19 /* Build configuration list for PBXProject "PageControlBootcamp" */ = {
			isa = XCConfigurationList;
			buildConfigurations = (
				ACF2AEE92ADD3F9F0088CB19 /* Debug */,
				ACF2AEEA2ADD3F9F0088CB19 /* Release */,
			);
			defaultConfigurationIsVisible = 0;
			defaultConfigurationName = Release;
		};
		ACF2AEEB2ADD3F9F0088CB19 /* Build configuration list for PBXNativeTarget "PageControlBootcamp" */ = {
			isa = XCConfigurationList;
			buildConfigurations = (
				ACF2AEEC2ADD3F9F0088CB19 /* Debug */,
				ACF2AEED2ADD3F9F0088CB19 /* Release */,
			);
			defaultConfigurationIsVisible = 0;
			defaultConfigurationName = Release;
		};
/* End XCConfigurationList section */
	};
	rootObject = ACF2AECF2ADD3F9F0088CB19 /* Project object */;
}
